// !$*UTF8*$!
{
	archiveVersion = 1;
	classes = {
	};
	objectVersion = 46;
	objects = {

/* Begin PBXGroup section */
		26E0D5A419C7989A00139D9F = {
			isa = PBXGroup;
			children = (
			);
			sourceTree = "<group>";
		};
/* End PBXGroup section */

/* Begin PBXProject section */
		26E0D5A519C7989A00139D9F /* Project object */ = {
			isa = PBXProject;
			attributes = {
				LastUpgradeCheck = 0510;
			};
			buildConfigurationList = 26E0D5A819C7989A00139D9F /* Build configuration list for PBXProject "Orion 2055" */;
			compatibilityVersion = "Xcode 3.2";
			developmentRegion = English;
			hasScannedForEncodings = 0;
			knownRegions = (
				en,
			);
			mainGroup = 26E0D5A419C7989A00139D9F;
			projectDirPath = "";
			projectRoot = "";
			targets = (
			);
		};
/* End PBXProject section */

/* Begin XCBuildConfiguration section */
		26E0D5A919C7989A00139D9F /* Debug */ = {
			isa = XCBuildConfiguration;
			buildSettings = {
			};
			name = Debug;
		};
		26E0D5AA19C7989A00139D9F /* Release */ = {
			isa = XCBuildConfiguration;
			buildSettings = {
			};
			name = Release;
		};
/* End XCBuildConfiguration section */

/* Begin XCConfigurationList section */
		26E0D5A819C7989A00139D9F /* Build configuration list for PBXProject "Orion 2055" */ = {
			isa = XCConfigurationList;
			buildConfigurations = (
				26E0D5A919C7989A00139D9F /* Debug */,
				26E0D5AA19C7989A00139D9F /* Release */,
			);
			defaultConfigurationIsVisible = 0;
			defaultConfigurationName = Release;
		};
/* End XCConfigurationList section */
	};
	rootObject = 26E0D5A519C7989A00139D9F /* Project object */;
}
